
Microsoft Visual Studio Solution File, Format Version 12.00
# Visual Studio Version 17
VisualStudioVersion = 17.0.32014.148
MinimumVisualStudioVersion = 10.0.40219.1
Project("{9A19103F-16F7-4668-BE54-9A1E7A4F7556}") = "JustConveyors.Renderer", "JustConveyors.Renderer.csproj", "{0ADAA152-7BA4-4B65-93C6-C69D9B0AD7A7}"
EndProject
Global
	GlobalSection(SolutionConfigurationPlatforms) = preSolution
		Debug|Any CPU = Debug|Any CPU
		Debug|x64 = Debug|x64
		Release|Any CPU = Release|Any CPU
		Release|x64 = Release|x64
	EndGlobalSection
	GlobalSection(ProjectConfigurationPlatforms) = postSolution
		{0ADAA152-7BA4-4B65-93C6-C69D9B0AD7A7}.Debug|Any CPU.ActiveCfg = Debug|Any CPU
		{0ADAA152-7BA4-4B65-93C6-C69D9B0AD7A7}.Debug|Any CPU.Build.0 = Debug|Any CPU
		{0ADAA152-7BA4-4B65-93C6-C69D9B0AD7A7}.Debug|x64.ActiveCfg = Debug|x64
		{0ADAA152-7BA4-4B65-93C6-C69D9B0AD7A7}.Debug|x64.Build.0 = Debug|x64
		{0ADAA152-7BA4-4B65-93C6-C69D9B0AD7A7}.Release|Any CPU.ActiveCfg = Release|Any CPU
		{0ADAA152-7BA4-4B65-93C6-C69D9B0AD7A7}.Release|Any CPU.Build.0 = Release|Any CPU
		{0ADAA152-7BA4-4B65-93C6-C69D9B0AD7A7}.Release|x64.ActiveCfg = Release|x64
		{0ADAA152-7BA4-4B65-93C6-C69D9B0AD7A7}.Release|x64.Build.0 = Release|x64
	EndGlobalSection
	GlobalSection(SolutionProperties) = preSolution
		HideSolutionNode = FALSE
	EndGlobalSection
	GlobalSection(ExtensibilityGlobals) = postSolution
		SolutionGuid = {015643DF-15C1-450E-BDA5-B0CED91CCA0F}
	EndGlobalSection
EndGlobal
